{
  "name": "interview-kata-server",
  "requires": true,
  "lockfileVersion": 1,
  "dependencies": {
    "argparse": {
      "version": "1.0.10",
      "resolved": "http://registry.npm.taobao.org/argparse/download/argparse-1.0.10.tgz",
      "integrity": "sha1-vNZ5HqWuCXJeF+WtmIE0zUCz2RE=",
      "requires": {
        "sprintf-js": "1.0.3"
      }
    },
    "entities": {
      "version": "1.1.2",
      "resolved": "http://registry.npm.taobao.org/entities/download/entities-1.1.2.tgz",
      "integrity": "sha1-vfpzUplmTfr9NFKe1PhSKidf6lY="
    },
    "highlight.js": {
      "version": "9.15.8",
      "resolved": "https://registry.npm.taobao.org/highlight.js/download/highlight.js-9.15.8.tgz?cache=0&sync_timestamp=1559139087925&other_urls=https%3A%2F%2Fregistry.npm.taobao.org%2Fhighlight.js%2Fdownload%2Fhighlight.js-9.15.8.tgz",
      "integrity": "sha1-80T9oSPzbxplSQ6TLPkFaeSZmXE="
    },
    "linkify-it": {
      "version": "2.1.0",
      "resolved": "http://registry.npm.taobao.org/linkify-it/download/linkify-it-2.1.0.tgz",
      "integrity": "sha1-xMrzimzXrCIS7zx9K94wqRVh+ds=",
      "requires": {
        "uc.micro": "1.0.6"
      }
    },
    "markdown-it": {
      "version": "9.0.0",
      "resolved": "https://registry.npm.taobao.org/markdown-it/download/markdown-it-9.0.0.tgz",
      "integrity": "sha1-gE6ShdKg4kVyFu1qHZbiGUg/L7E=",
      "requires": {
        "argparse": "1.0.10",
        "entities": "1.1.2",
        "linkify-it": "2.1.0",
        "mdurl": "1.0.1",
        "uc.micro": "1.0.6"
      }
    },
    "mdurl": {
      "version": "1.0.1",
      "resolved": "http://registry.npm.taobao.org/mdurl/download/mdurl-1.0.1.tgz",
      "integrity": "sha1-/oWy7HWlkDfyrf7BAP1sYBdhFS4="
    },
    "sprintf-js": {
      "version": "1.0.3",
      "resolved": "http://registry.npm.taobao.org/sprintf-js/download/sprintf-js-1.0.3.tgz",
      "integrity": "sha1-BOaSb2YolTVPPdAVIDYzuFcpfiw="
    },
    "uc.micro": {
      "version": "1.0.6",
      "resolved": "http://registry.npm.taobao.org/uc.micro/download/uc.micro-1.0.6.tgz",
      "integrity": "sha1-nEEagCpAmpH8bPdAgbq6NLJEmaw="
    }
  }
}
